# This file is automatically @generated by Cargo.
# It is not intended for manual editing.
version = 3

[[package]]
name = "array_tool"
version = "0.4.1"
source = "registry+https://github.com/rust-lang/crates.io-index"
checksum = "1a07ccb27c611e5cda99e498e99ba71b3ecdb7db5df02096cef42a3df5b84542"

[[package]]
name = "base_custom"
version = "0.1.13"
source = "registry+https://github.com/rust-lang/crates.io-index"
checksum = "53000ba42e917ca6bc57380754a5f6b4748e37dae0560e3234d400ee07330ab8"

[[package]]
name = "digits"
version = "1.1.0"
source = "registry+https://github.com/rust-lang/crates.io-index"
checksum = "8ad7d52c4972032eee6281572adecfd383164cce4249938e4c97e9b3f92a38a0"
dependencies = [
 "array_tool",
 "base_custom",
]

[[package]]
name = "sort-algorithm"
version = "0.1.0"
dependencies = [
 "digits",
]
